// !$*UTF8*$!
{
	archiveVersion = 1;
	classes = {
	};
	objectVersion = 51;
	objects = {

/* Begin PBXBuildFile section */
		2EFEBB6D9C770C61A95D7B0B /* Pods_MedicinPostTests.framework in Frameworks */ = {isa = PBXBuildFile; fileRef = 4CC97B4A824362447D938612 /* Pods_MedicinPostTests.framework */; };
		7694EC03A7D25CE47C96160D /* Pods_MedicinPost_MedicinPostUITests.framework in Frameworks */ = {isa = PBXBuildFile; fileRef = 794ED794756079B9F7E67397 /* Pods_MedicinPost_MedicinPostUITests.framework */; };
		844080E32625D90E7134A7EF /* Pods_MedicinPost.framework in Frameworks */ = {isa = PBXBuildFile; fileRef = BE478FE4AD7A06F4D610CF2A /* Pods_MedicinPost.framework */; };
		EBA23F982590249D0045A5A8 /* EnterVerCodeViewController.swift in Sources */ = {isa = PBXBuildFile; fileRef = EBA23F972590249D0045A5A8 /* EnterVerCodeViewController.swift */; };
		EBA23F9A259026020045A5A8 /* PharmListViewController.swift in Sources */ = {isa = PBXBuildFile; fileRef = EBA23F99259026020045A5A8 /* PharmListViewController.swift */; };
		EBA23F9F25902FF50045A5A8 /* PharmacyTableViewCell.swift in Sources */ = {isa = PBXBuildFile; fileRef = EBA23F9D25902FF50045A5A8 /* PharmacyTableViewCell.swift */; };
		EBB6C183259A1F3800DFC5D8 /* OrderViewController.swift in Sources */ = {isa = PBXBuildFile; fileRef = EBB6C182259A1F3800DFC5D8 /* OrderViewController.swift */; };
		EBB6C185259A48BF00DFC5D8 /* ConfirmOrderViewController.swift in Sources */ = {isa = PBXBuildFile; fileRef = EBB6C184259A48BF00DFC5D8 /* ConfirmOrderViewController.swift */; };
		EBB6C187259A6CC800DFC5D8 /* OrderCompletedViewController.swift in Sources */ = {isa = PBXBuildFile; fileRef = EBB6C186259A6CC800DFC5D8 /* OrderCompletedViewController.swift */; };
		EBB6C189259A7A1A00DFC5D8 /* Intro1ViewController.swift in Sources */ = {isa = PBXBuildFile; fileRef = EBB6C188259A7A1A00DFC5D8 /* Intro1ViewController.swift */; };
		EBB6C18C259A814900DFC5D8 /* Intro2ViewController.swift in Sources */ = {isa = PBXBuildFile; fileRef = EBB6C18B259A814900DFC5D8 /* Intro2ViewController.swift */; };
		EBB6C18E259A815400DFC5D8 /* Intro3ViewController.swift in Sources */ = {isa = PBXBuildFile; fileRef = EBB6C18D259A815400DFC5D8 /* Intro3ViewController.swift */; };
		EBB6C190259A815D00DFC5D8 /* Intro4ViewController.swift in Sources */ = {isa = PBXBuildFile; fileRef = EBB6C18F259A815D00DFC5D8 /* Intro4ViewController.swift */; };
		EBC1603625E1AE59009580F5 /* GoogleService-Info.plist in Resources */ = {isa = PBXBuildFile; fileRef = EBC1603525E1AE59009580F5 /* GoogleService-Info.plist */; };
		EBC49778259F88ED0057CAFC /* ProfileViewController.swift in Sources */ = {isa = PBXBuildFile; fileRef = EBC49777259F88ED0057CAFC /* ProfileViewController.swift */; };
		EBCBCE50258033D400B3AC07 /* AppDelegate.swift in Sources */ = {isa = PBXBuildFile; fileRef = EBCBCE4F258033D400B3AC07 /* AppDelegate.swift */; };
		EBCBCE52258033D400B3AC07 /* SceneDelegate.swift in Sources */ = {isa = PBXBuildFile; fileRef = EBCBCE51258033D400B3AC07 /* SceneDelegate.swift */; };
		EBCBCE54258033D400B3AC07 /* ViewController.swift in Sources */ = {isa = PBXBuildFile; fileRef = EBCBCE53258033D400B3AC07 /* ViewController.swift */; };
		EBCBCE57258033D400B3AC07 /* Main.storyboard in Resources */ = {isa = PBXBuildFile; fileRef = EBCBCE55258033D400B3AC07 /* Main.storyboard */; };
		EBCBCE59258033D600B3AC07 /* Assets.xcassets in Resources */ = {isa = PBXBuildFile; fileRef = EBCBCE58258033D600B3AC07 /* Assets.xcassets */; };
		EBCBCE5C258033D600B3AC07 /* LaunchScreen.storyboard in Resources */ = {isa = PBXBuildFile; fileRef = EBCBCE5A258033D600B3AC07 /* LaunchScreen.storyboard */; };
		EBCBCE67258033D600B3AC07 /* MedicinPostTests.swift in Sources */ = {isa = PBXBuildFile; fileRef = EBCBCE66258033D600B3AC07 /* MedicinPostTests.swift */; };
		EBCBCE72258033D700B3AC07 /* MedicinPostUITests.swift in Sources */ = {isa = PBXBuildFile; fileRef = EBCBCE71258033D700B3AC07 /* MedicinPostUITests.swift */; };
/* End PBXBuildFile section */

/* Begin PBXContainerItemProxy section */
		EBCBCE63258033D600B3AC07 /* PBXContainerItemProxy */ = {
			isa = PBXContainerItemProxy;
			containerPortal = EBCBCE44258033D400B3AC07 /* Project object */;
			proxyType = 1;
			remoteGlobalIDString = EBCBCE4B258033D400B3AC07;
			remoteInfo = MedicinPost;
		};
		EBCBCE6E258033D700B3AC07 /* PBXContainerItemProxy */ = {
			isa = PBXContainerItemProxy;
			containerPortal = EBCBCE44258033D400B3AC07 /* Project object */;
			proxyType = 1;
			remoteGlobalIDString = EBCBCE4B258033D400B3AC07;
			remoteInfo = MedicinPost;
		};
/* End PBXContainerItemProxy section */

/* Begin PBXFileReference section */
		37A39F614BCFA8326AECBFF3 /* Pods-MedicinPostTests.release.xcconfig */ = {isa = PBXFileReference; includeInIndex = 1; lastKnownFileType = text.xcconfig; name = "Pods-MedicinPostTests.release.xcconfig"; path = "Target Support Files/Pods-MedicinPostTests/Pods-MedicinPostTests.release.xcconfig"; sourceTree = "<group>"; };
		4CC97B4A824362447D938612 /* Pods_MedicinPostTests.framework */ = {isa = PBXFileReference; explicitFileType = wrapper.framework; includeInIndex = 0; path = Pods_MedicinPostTests.framework; sourceTree = BUILT_PRODUCTS_DIR; };
		6305E45AE9028E5D50D80424 /* Pods-MedicinPostTests.debug.xcconfig */ = {isa = PBXFileReference; includeInIndex = 1; lastKnownFileType = text.xcconfig; name = "Pods-MedicinPostTests.debug.xcconfig"; path = "Target Support Files/Pods-MedicinPostTests/Pods-MedicinPostTests.debug.xcconfig"; sourceTree = "<group>"; };
		794ED794756079B9F7E67397 /* Pods_MedicinPost_MedicinPostUITests.framework */ = {isa = PBXFileReference; explicitFileType = wrapper.framework; includeInIndex = 0; path = Pods_MedicinPost_MedicinPostUITests.framework; sourceTree = BUILT_PRODUCTS_DIR; };
		8A17534E93116BBEECC555A1 /* Pods-MedicinPost-MedicinPostUITests.debug.xcconfig */ = {isa = PBXFileReference; includeInIndex = 1; lastKnownFileType = text.xcconfig; name = "Pods-MedicinPost-MedicinPostUITests.debug.xcconfig"; path = "Target Support Files/Pods-MedicinPost-MedicinPostUITests/Pods-MedicinPost-MedicinPostUITests.debug.xcconfig"; sourceTree = "<group>"; };
		9472726A26C34BA25EE75B43 /* Pods-MedicinPost-MedicinPostUITests.release.xcconfig */ = {isa = PBXFileReference; includeInIndex = 1; lastKnownFileType = text.xcconfig; name = "Pods-MedicinPost-MedicinPostUITests.release.xcconfig"; path = "Target Support Files/Pods-MedicinPost-MedicinPostUITests/Pods-MedicinPost-MedicinPostUITests.release.xcconfig"; sourceTree = "<group>"; };
		A4966F009E7FAE66DCE4597C /* Pods-MedicinPost.debug.xcconfig */ = {isa = PBXFileReference; includeInIndex = 1; lastKnownFileType = text.xcconfig; name = "Pods-MedicinPost.debug.xcconfig"; path = "Target Support Files/Pods-MedicinPost/Pods-MedicinPost.debug.xcconfig"; sourceTree = "<group>"; };
		BC0763B258257619E3603BF3 /* Pods-MedicinPost.release.xcconfig */ = {isa = PBXFileReference; includeInIndex = 1; lastKnownFileType = text.xcconfig; name = "Pods-MedicinPost.release.xcconfig"; path = "Target Support Files/Pods-MedicinPost/Pods-MedicinPost.release.xcconfig"; sourceTree = "<group>"; };
		BE478FE4AD7A06F4D610CF2A /* Pods_MedicinPost.framework */ = {isa = PBXFileReference; explicitFileType = wrapper.framework; includeInIndex = 0; path = Pods_MedicinPost.framework; sourceTree = BUILT_PRODUCTS_DIR; };
		EBA23F96259020160045A5A8 /* MedicinPost.entitlements */ = {isa = PBXFileReference; lastKnownFileType = text.plist.entitlements; path = MedicinPost.entitlements; sourceTree = "<group>"; };
		EBA23F972590249D0045A5A8 /* EnterVerCodeViewController.swift */ = {isa = PBXFileReference; lastKnownFileType = sourcecode.swift; path = EnterVerCodeViewController.swift; sourceTree = "<group>"; };
		EBA23F99259026020045A5A8 /* PharmListViewController.swift */ = {isa = PBXFileReference; lastKnownFileType = sourcecode.swift; path = PharmListViewController.swift; sourceTree = "<group>"; };
		EBA23F9D25902FF50045A5A8 /* PharmacyTableViewCell.swift */ = {isa = PBXFileReference; lastKnownFileType = sourcecode.swift; path = PharmacyTableViewCell.swift; sourceTree = "<group>"; };
		EBB6C182259A1F3800DFC5D8 /* OrderViewController.swift */ = {isa = PBXFileReference; lastKnownFileType = sourcecode.swift; path = OrderViewController.swift; sourceTree = "<group>"; };
		EBB6C184259A48BF00DFC5D8 /* ConfirmOrderViewController.swift */ = {isa = PBXFileReference; lastKnownFileType = sourcecode.swift; path = ConfirmOrderViewController.swift; sourceTree = "<group>"; };
		EBB6C186259A6CC800DFC5D8 /* OrderCompletedViewController.swift */ = {isa = PBXFileReference; lastKnownFileType = sourcecode.swift; path = OrderCompletedViewController.swift; sourceTree = "<group>"; };
		EBB6C188259A7A1A00DFC5D8 /* Intro1ViewController.swift */ = {isa = PBXFileReference; lastKnownFileType = sourcecode.swift; path = Intro1ViewController.swift; sourceTree = "<group>"; };
		EBB6C18B259A814900DFC5D8 /* Intro2ViewController.swift */ = {isa = PBXFileReference; lastKnownFileType = sourcecode.swift; path = Intro2ViewController.swift; sourceTree = "<group>"; };
		EBB6C18D259A815400DFC5D8 /* Intro3ViewController.swift */ = {isa = PBXFileReference; lastKnownFileType = sourcecode.swift; path = Intro3ViewController.swift; sourceTree = "<group>"; };
		EBB6C18F259A815D00DFC5D8 /* Intro4ViewController.swift */ = {isa = PBXFileReference; lastKnownFileType = sourcecode.swift; path = Intro4ViewController.swift; sourceTree = "<group>"; };
		EBC1603525E1AE59009580F5 /* GoogleService-Info.plist */ = {isa = PBXFileReference; fileEncoding = 4; lastKnownFileType = text.plist.xml; name = "GoogleService-Info.plist"; path = "../../../../Downloads/GoogleService-Info.plist"; sourceTree = "<group>"; };
		EBC49777259F88ED0057CAFC /* ProfileViewController.swift */ = {isa = PBXFileReference; lastKnownFileType = sourcecode.swift; path = ProfileViewController.swift; sourceTree = "<group>"; };
		EBCBCE4C258033D400B3AC07 /* MedicinPost.app */ = {isa = PBXFileReference; explicitFileType = wrapper.application; includeInIndex = 0; path = MedicinPost.app; sourceTree = BUILT_PRODUCTS_DIR; };
		EBCBCE4F258033D400B3AC07 /* AppDelegate.swift */ = {isa = PBXFileReference; lastKnownFileType = sourcecode.swift; path = AppDelegate.swift; sourceTree = "<group>"; };
		EBCBCE51258033D400B3AC07 /* SceneDelegate.swift */ = {isa = PBXFileReference; lastKnownFileType = sourcecode.swift; path = SceneDelegate.swift; sourceTree = "<group>"; };
		EBCBCE53258033D400B3AC07 /* ViewController.swift */ = {isa = PBXFileReference; lastKnownFileType = sourcecode.swift; path = ViewController.swift; sourceTree = "<group>"; };
		EBCBCE56258033D400B3AC07 /* Base */ = {isa = PBXFileReference; lastKnownFileType = file.storyboard; name = Base; path = Base.lproj/Main.storyboard; sourceTree = "<group>"; };
		EBCBCE58258033D600B3AC07 /* Assets.xcassets */ = {isa = PBXFileReference; lastKnownFileType = folder.assetcatalog; path = Assets.xcassets; sourceTree = "<group>"; };
		EBCBCE5B258033D600B3AC07 /* Base */ = {isa = PBXFileReference; lastKnownFileType = file.storyboard; name = Base; path = Base.lproj/LaunchScreen.storyboard; sourceTree = "<group>"; };
		EBCBCE5D258033D600B3AC07 /* Info.plist */ = {isa = PBXFileReference; lastKnownFileType = text.plist.xml; path = Info.plist; sourceTree = "<group>"; };
		EBCBCE62258033D600B3AC07 /* MedicinPostTests.xctest */ = {isa = PBXFileReference; explicitFileType = wrapper.cfbundle; includeInIndex = 0; path = MedicinPostTests.xctest; sourceTree = BUILT_PRODUCTS_DIR; };
		EBCBCE66258033D600B3AC07 /* MedicinPostTests.swift */ = {isa = PBXFileReference; lastKnownFileType = sourcecode.swift; path = MedicinPostTests.swift; sourceTree = "<group>"; };
		EBCBCE68258033D700B3AC07 /* Info.plist */ = {isa = PBXFileReference; lastKnownFileType = text.plist.xml; path = Info.plist; sourceTree = "<group>"; };
		EBCBCE6D258033D700B3AC07 /* MedicinPostUITests.xctest */ = {isa = PBXFileReference; explicitFileType = wrapper.cfbundle; includeInIndex = 0; path = MedicinPostUITests.xctest; sourceTree = BUILT_PRODUCTS_DIR; };
		EBCBCE71258033D700B3AC07 /* MedicinPostUITests.swift */ = {isa = PBXFileReference; lastKnownFileType = sourcecode.swift; path = MedicinPostUITests.swift; sourceTree = "<group>"; };
		EBCBCE73258033D700B3AC07 /* Info.plist */ = {isa = PBXFileReference; lastKnownFileType = text.plist.xml; path = Info.plist; sourceTree = "<group>"; };
/* End PBXFileReference section */

/* Begin PBXFrameworksBuildPhase section */
		EBCBCE49258033D400B3AC07 /* Frameworks */ = {
			isa = PBXFrameworksBuildPhase;
			buildActionMask = 2147483647;
			files = (
				844080E32625D90E7134A7EF /* Pods_MedicinPost.framework in Frameworks */,
			);
			runOnlyForDeploymentPostprocessing = 0;
		};
		EBCBCE5F258033D600B3AC07 /* Frameworks */ = {
			isa = PBXFrameworksBuildPhase;
			buildActionMask = 2147483647;
			files = (
				2EFEBB6D9C770C61A95D7B0B /* Pods_MedicinPostTests.framework in Frameworks */,
			);
			runOnlyForDeploymentPostprocessing = 0;
		};
		EBCBCE6A258033D700B3AC07 /* Frameworks */ = {
			isa = PBXFrameworksBuildPhase;
			buildActionMask = 2147483647;
			files = (
				7694EC03A7D25CE47C96160D /* Pods_MedicinPost_MedicinPostUITests.framework in Frameworks */,
			);
			runOnlyForDeploymentPostprocessing = 0;
		};
/* End PBXFrameworksBuildPhase section */

/* Begin PBXGroup section */
		6E08A0C2B01B2149594FF573 /* Frameworks */ = {
			isa = PBXGroup;
			children = (
				BE478FE4AD7A06F4D610CF2A /* Pods_MedicinPost.framework */,
				794ED794756079B9F7E67397 /* Pods_MedicinPost_MedicinPostUITests.framework */,
				4CC97B4A824362447D938612 /* Pods_MedicinPostTests.framework */,
			);
			name = Frameworks;
			sourceTree = "<group>";
		};
		856BDE93133562DD3635E860 /* Pods */ = {
			isa = PBXGroup;
			children = (
				A4966F009E7FAE66DCE4597C /* Pods-MedicinPost.debug.xcconfig */,
				BC0763B258257619E3603BF3 /* Pods-MedicinPost.release.xcconfig */,
				8A17534E93116BBEECC555A1 /* Pods-MedicinPost-MedicinPostUITests.debug.xcconfig */,
				9472726A26C34BA25EE75B43 /* Pods-MedicinPost-MedicinPostUITests.release.xcconfig */,
				6305E45AE9028E5D50D80424 /* Pods-MedicinPostTests.debug.xcconfig */,
				37A39F614BCFA8326AECBFF3 /* Pods-MedicinPostTests.release.xcconfig */,
			);
			path = Pods;
			sourceTree = "<group>";
		};
		EBB6C192259A8FDB00DFC5D8 /* IntroVCs */ = {
			isa = PBXGroup;
			children = (
				EBB6C188259A7A1A00DFC5D8 /* Intro1ViewController.swift */,
				EBB6C18B259A814900DFC5D8 /* Intro2ViewController.swift */,
				EBB6C18D259A815400DFC5D8 /* Intro3ViewController.swift */,
				EBB6C18F259A815D00DFC5D8 /* Intro4ViewController.swift */,
			);
			path = IntroVCs;
			sourceTree = "<group>";
		};
		EBCBCE43258033D400B3AC07 = {
			isa = PBXGroup;
			children = (
				EBCBCE4E258033D400B3AC07 /* MedicinPost */,
				EBCBCE65258033D600B3AC07 /* MedicinPostTests */,
				EBCBCE70258033D700B3AC07 /* MedicinPostUITests */,
				EBCBCE4D258033D400B3AC07 /* Products */,
				856BDE93133562DD3635E860 /* Pods */,
				6E08A0C2B01B2149594FF573 /* Frameworks */,
			);
			sourceTree = "<group>";
		};
		EBCBCE4D258033D400B3AC07 /* Products */ = {
			isa = PBXGroup;
			children = (
				EBCBCE4C258033D400B3AC07 /* MedicinPost.app */,
				EBCBCE62258033D600B3AC07 /* MedicinPostTests.xctest */,
				EBCBCE6D258033D700B3AC07 /* MedicinPostUITests.xctest */,
			);
			name = Products;
			sourceTree = "<group>";
		};
		EBCBCE4E258033D400B3AC07 /* MedicinPost */ = {
			isa = PBXGroup;
			children = (
				EBC1603525E1AE59009580F5 /* GoogleService-Info.plist */,
				EBB6C192259A8FDB00DFC5D8 /* IntroVCs */,
				EBA23F96259020160045A5A8 /* MedicinPost.entitlements */,
				EBB6C186259A6CC800DFC5D8 /* OrderCompletedViewController.swift */,
				EBCBCE4F258033D400B3AC07 /* AppDelegate.swift */,
				EBCBCE51258033D400B3AC07 /* SceneDelegate.swift */,
				EBCBCE53258033D400B3AC07 /* ViewController.swift */,
				EBCBCE55258033D400B3AC07 /* Main.storyboard */,
				EBCBCE58258033D600B3AC07 /* Assets.xcassets */,
				EBCBCE5A258033D600B3AC07 /* LaunchScreen.storyboard */,
				EBCBCE5D258033D600B3AC07 /* Info.plist */,
				EBA23F972590249D0045A5A8 /* EnterVerCodeViewController.swift */,
				EBA23F99259026020045A5A8 /* PharmListViewController.swift */,
				EBB6C182259A1F3800DFC5D8 /* OrderViewController.swift */,
				EBA23F9D25902FF50045A5A8 /* PharmacyTableViewCell.swift */,
				EBB6C184259A48BF00DFC5D8 /* ConfirmOrderViewController.swift */,
				EBC49777259F88ED0057CAFC /* ProfileViewController.swift */,
			);
			path = MedicinPost;
			sourceTree = "<group>";
		};
		EBCBCE65258033D600B3AC07 /* MedicinPostTests */ = {
			isa = PBXGroup;
			children = (
				EBCBCE66258033D600B3AC07 /* MedicinPostTests.swift */,
				EBCBCE68258033D700B3AC07 /* Info.plist */,
			);
			path = MedicinPostTests;
			sourceTree = "<group>";
		};
		EBCBCE70258033D700B3AC07 /* MedicinPostUITests */ = {
			isa = PBXGroup;
			children = (
				EBCBCE71258033D700B3AC07 /* MedicinPostUITests.swift */,
				EBCBCE73258033D700B3AC07 /* Info.plist */,
			);
			path = MedicinPostUITests;
			sourceTree = "<group>";
		};
/* End PBXGroup section */

/* Begin PBXNativeTarget section */
		EBCBCE4B258033D400B3AC07 /* MedicinPost */ = {
			isa = PBXNativeTarget;
			buildConfigurationList = EBCBCE76258033D700B3AC07 /* Build configuration list for PBXNativeTarget "MedicinPost" */;
			buildPhases = (
				8CC9D6EB50DFAC851DC7F37F /* [CP] Check Pods Manifest.lock */,
				EBCBCE48258033D400B3AC07 /* Sources */,
				EBCBCE49258033D400B3AC07 /* Frameworks */,
				EBCBCE4A258033D400B3AC07 /* Resources */,
				57C9D71BD4D3175CDED41A46 /* [CP] Embed Pods Frameworks */,
			);
			buildRules = (
			);
			dependencies = (
			);
			name = MedicinPost;
			productName = MedicinPost;
			productReference = EBCBCE4C258033D400B3AC07 /* MedicinPost.app */;
			productType = "com.apple.product-type.application";
		};
		EBCBCE61258033D600B3AC07 /* MedicinPostTests */ = {
			isa = PBXNativeTarget;
			buildConfigurationList = EBCBCE79258033D700B3AC07 /* Build configuration list for PBXNativeTarget "MedicinPostTests" */;
			buildPhases = (
				E536A0920F25F67B6DFD325B /* [CP] Check Pods Manifest.lock */,
				EBCBCE5E258033D600B3AC07 /* Sources */,
				EBCBCE5F258033D600B3AC07 /* Frameworks */,
				EBCBCE60258033D600B3AC07 /* Resources */,
			);
			buildRules = (
			);
			dependencies = (
				EBCBCE64258033D600B3AC07 /* PBXTargetDependency */,
			);
			name = MedicinPostTests;
			productName = MedicinPostTests;
			productReference = EBCBCE62258033D600B3AC07 /* MedicinPostTests.xctest */;
			productType = "com.apple.product-type.bundle.unit-test";
		};
		EBCBCE6C258033D700B3AC07 /* MedicinPostUITests */ = {
			isa = PBXNativeTarget;
			buildConfigurationList = EBCBCE7C258033D700B3AC07 /* Build configuration list for PBXNativeTarget "MedicinPostUITests" */;
			buildPhases = (
				7CE588DAB91CB0DCF9AE1289 /* [CP] Check Pods Manifest.lock */,
				EBCBCE69258033D700B3AC07 /* Sources */,
				EBCBCE6A258033D700B3AC07 /* Frameworks */,
				EBCBCE6B258033D700B3AC07 /* Resources */,
				82F3F24E177B5842FE4B8A89 /* [CP] Embed Pods Frameworks */,
			);
			buildRules = (
			);
			dependencies = (
				EBCBCE6F258033D700B3AC07 /* PBXTargetDependency */,
			);
			name = MedicinPostUITests;
			productName = MedicinPostUITests;
			productReference = EBCBCE6D258033D700B3AC07 /* MedicinPostUITests.xctest */;
			productType = "com.apple.product-type.bundle.ui-testing";
		};
/* End PBXNativeTarget section */

/* Begin PBXProject section */
		EBCBCE44258033D400B3AC07 /* Project object */ = {
			isa = PBXProject;
			attributes = {
				LastSwiftUpdateCheck = 1160;
				LastUpgradeCheck = 1160;
				ORGANIZATIONNAME = MedicinPost;
				TargetAttributes = {
					EBCBCE4B258033D400B3AC07 = {
						CreatedOnToolsVersion = 11.6;
					};
					EBCBCE61258033D600B3AC07 = {
						CreatedOnToolsVersion = 11.6;
						TestTargetID = EBCBCE4B258033D400B3AC07;
					};
					EBCBCE6C258033D700B3AC07 = {
						CreatedOnToolsVersion = 11.6;
						TestTargetID = EBCBCE4B258033D400B3AC07;
					};
				};
			};
			buildConfigurationList = EBCBCE47258033D400B3AC07 /* Build configuration list for PBXProject "MedicinPost" */;
			compatibilityVersion = "Xcode 9.3";
			developmentRegion = en;
			hasScannedForEncodings = 0;
			knownRegions = (
				en,
				Base,
			);
			mainGroup = EBCBCE43258033D400B3AC07;
			productRefGroup = EBCBCE4D258033D400B3AC07 /* Products */;
			projectDirPath = "";
			projectRoot = "";
			targets = (
				EBCBCE4B258033D400B3AC07 /* MedicinPost */,
				EBCBCE61258033D600B3AC07 /* MedicinPostTests */,
				EBCBCE6C258033D700B3AC07 /* MedicinPostUITests */,
			);
		};
/* End PBXProject section */

/* Begin PBXResourcesBuildPhase section */
		EBCBCE4A258033D400B3AC07 /* Resources */ = {
			isa = PBXResourcesBuildPhase;
			buildActionMask = 2147483647;
			files = (
				EBCBCE5C258033D600B3AC07 /* LaunchScreen.storyboard in Resources */,
				EBC1603625E1AE59009580F5 /* GoogleService-Info.plist in Resources */,
				EBCBCE59258033D600B3AC07 /* Assets.xcassets in Resources */,
				EBCBCE57258033D400B3AC07 /* Main.storyboard in Resources */,
			);
			runOnlyForDeploymentPostprocessing = 0;
		};
		EBCBCE60258033D600B3AC07 /* Resources */ = {
			isa = PBXResourcesBuildPhase;
			buildActionMask = 2147483647;
			files = (
			);
			runOnlyForDeploymentPostprocessing = 0;
		};
		EBCBCE6B258033D700B3AC07 /* Resources */ = {
			isa = PBXResourcesBuildPhase;
			buildActionMask = 2147483647;
			files = (
			);
			runOnlyForDeploymentPostprocessing = 0;
		};
/* End PBXResourcesBuildPhase section */

/* Begin PBXShellScriptBuildPhase section */
		57C9D71BD4D3175CDED41A46 /* [CP] Embed Pods Frameworks */ = {
			isa = PBXShellScriptBuildPhase;
			buildActionMask = 2147483647;
			files = (
			);
			inputFileListPaths = (
				"${PODS_ROOT}/Target Support Files/Pods-MedicinPost/Pods-MedicinPost-frameworks-${CONFIGURATION}-input-files.xcfilelist",
			);
			name = "[CP] Embed Pods Frameworks";
			outputFileListPaths = (
				"${PODS_ROOT}/Target Support Files/Pods-MedicinPost/Pods-MedicinPost-frameworks-${CONFIGURATION}-output-files.xcfilelist",
			);
			runOnlyForDeploymentPostprocessing = 0;
			shellPath = /bin/sh;
			shellScript = "\"${PODS_ROOT}/Target Support Files/Pods-MedicinPost/Pods-MedicinPost-frameworks.sh\"\n";
			showEnvVarsInLog = 0;
		};
		7CE588DAB91CB0DCF9AE1289 /* [CP] Check Pods Manifest.lock */ = {
			isa = PBXShellScriptBuildPhase;
			buildActionMask = 2147483647;
			files = (
			);
			inputFileListPaths = (
			);
			inputPaths = (
				"${PODS_PODFILE_DIR_PATH}/Podfile.lock",
				"${PODS_ROOT}/Manifest.lock",
			);
			name = "[CP] Check Pods Manifest.lock";
			outputFileListPaths = (
			);
			outputPaths = (
				"$(DERIVED_FILE_DIR)/Pods-MedicinPost-MedicinPostUITests-checkManifestLockResult.txt",
			);
			runOnlyForDeploymentPostprocessing = 0;
			shellPath = /bin/sh;
			shellScript = "diff \"${PODS_PODFILE_DIR_PATH}/Podfile.lock\" \"${PODS_ROOT}/Manifest.lock\" > /dev/null\nif [ $? != 0 ] ; then\n    # print error to STDERR\n    echo \"error: The sandbox is not in sync with the Podfile.lock. Run 'pod install' or update your CocoaPods installation.\" >&2\n    exit 1\nfi\n# This output is used by Xcode 'outputs' to avoid re-running this script phase.\necho \"SUCCESS\" > \"${SCRIPT_OUTPUT_FILE_0}\"\n";
			showEnvVarsInLog = 0;
		};
		82F3F24E177B5842FE4B8A89 /* [CP] Embed Pods Frameworks */ = {
			isa = PBXShellScriptBuildPhase;
			buildActionMask = 2147483647;
			files = (
			);
			inputFileListPaths = (
				"${PODS_ROOT}/Target Support Files/Pods-MedicinPost-MedicinPostUITests/Pods-MedicinPost-MedicinPostUITests-frameworks-${CONFIGURATION}-input-files.xcfilelist",
			);
			name = "[CP] Embed Pods Frameworks";
			outputFileListPaths = (
				"${PODS_ROOT}/Target Support Files/Pods-MedicinPost-MedicinPostUITests/Pods-MedicinPost-MedicinPostUITests-frameworks-${CONFIGURATION}-output-files.xcfilelist",
			);
			runOnlyForDeploymentPostprocessing = 0;
			shellPath = /bin/sh;
			shellScript = "\"${PODS_ROOT}/Target Support Files/Pods-MedicinPost-MedicinPostUITests/Pods-MedicinPost-MedicinPostUITests-frameworks.sh\"\n";
			showEnvVarsInLog = 0;
		};
		8CC9D6EB50DFAC851DC7F37F /* [CP] Check Pods Manifest.lock */ = {
			isa = PBXShellScriptBuildPhase;
			buildActionMask = 2147483647;
			files = (
			);
			inputFileListPaths = (
			);
			inputPaths = (
				"${PODS_PODFILE_DIR_PATH}/Podfile.lock",
				"${PODS_ROOT}/Manifest.lock",
			);
			name = "[CP] Check Pods Manifest.lock";
			outputFileListPaths = (
			);
			outputPaths = (
				"$(DERIVED_FILE_DIR)/Pods-MedicinPost-checkManifestLockResult.txt",
			);
			runOnlyForDeploymentPostprocessing = 0;
			shellPath = /bin/sh;
			shellScript = "diff \"${PODS_PODFILE_DIR_PATH}/Podfile.lock\" \"${PODS_ROOT}/Manifest.lock\" > /dev/null\nif [ $? != 0 ] ; then\n    # print error to STDERR\n    echo \"error: The sandbox is not in sync with the Podfile.lock. Run 'pod install' or update your CocoaPods installation.\" >&2\n    exit 1\nfi\n# This output is used by Xcode 'outputs' to avoid re-running this script phase.\necho \"SUCCESS\" > \"${SCRIPT_OUTPUT_FILE_0}\"\n";
			showEnvVarsInLog = 0;
		};
		E536A0920F25F67B6DFD325B /* [CP] Check Pods Manifest.lock */ = {
			isa = PBXShellScriptBuildPhase;
			buildActionMask = 2147483647;
			files = (
			);
			inputFileListPaths = (
			);
			inputPaths = (
				"${PODS_PODFILE_DIR_PATH}/Podfile.lock",
				"${PODS_ROOT}/Manifest.lock",
			);
			name = "[CP] Check Pods Manifest.lock";
			outputFileListPaths = (
			);
			outputPaths = (
				"$(DERIVED_FILE_DIR)/Pods-MedicinPostTests-checkManifestLockResult.txt",
			);
			runOnlyForDeploymentPostprocessing = 0;
			shellPath = /bin/sh;
			shellScript = "diff \"${PODS_PODFILE_DIR_PATH}/Podfile.lock\" \"${PODS_ROOT}/Manifest.lock\" > /dev/null\nif [ $? != 0 ] ; then\n    # print error to STDERR\n    echo \"error: The sandbox is not in sync with the Podfile.lock. Run 'pod install' or update your CocoaPods installation.\" >&2\n    exit 1\nfi\n# This output is used by Xcode 'outputs' to avoid re-running this script phase.\necho \"SUCCESS\" > \"${SCRIPT_OUTPUT_FILE_0}\"\n";
			showEnvVarsInLog = 0;
		};
/* End PBXShellScriptBuildPhase section */

/* Begin PBXSourcesBuildPhase section */
		EBCBCE48258033D400B3AC07 /* Sources */ = {
			isa = PBXSourcesBuildPhase;
			buildActionMask = 2147483647;
			files = (
				EBB6C18C259A814900DFC5D8 /* Intro2ViewController.swift in Sources */,
				EBB6C187259A6CC800DFC5D8 /* OrderCompletedViewController.swift in Sources */,
				EBB6C189259A7A1A00DFC5D8 /* Intro1ViewController.swift in Sources */,
				EBB6C185259A48BF00DFC5D8 /* ConfirmOrderViewController.swift in Sources */,
				EBC49778259F88ED0057CAFC /* ProfileViewController.swift in Sources */,
				EBA23F982590249D0045A5A8 /* EnterVerCodeViewController.swift in Sources */,
				EBCBCE54258033D400B3AC07 /* ViewController.swift in Sources */,
				EBCBCE50258033D400B3AC07 /* AppDelegate.swift in Sources */,
				EBB6C18E259A815400DFC5D8 /* Intro3ViewController.swift in Sources */,
				EBB6C183259A1F3800DFC5D8 /* OrderViewController.swift in Sources */,
				EBA23F9A259026020045A5A8 /* PharmListViewController.swift in Sources */,
				EBA23F9F25902FF50045A5A8 /* PharmacyTableViewCell.swift in Sources */,
				EBB6C190259A815D00DFC5D8 /* Intro4ViewController.swift in Sources */,
				EBCBCE52258033D400B3AC07 /* SceneDelegate.swift in Sources */,
			);
			runOnlyForDeploymentPostprocessing = 0;
		};
		EBCBCE5E258033D600B3AC07 /* Sources */ = {
			isa = PBXSourcesBuildPhase;
			buildActionMask = 2147483647;
			files = (
				EBCBCE67258033D600B3AC07 /* MedicinPostTests.swift in Sources */,
			);
			runOnlyForDeploymentPostprocessing = 0;
		};
		EBCBCE69258033D700B3AC07 /* Sources */ = {
			isa = PBXSourcesBuildPhase;
			buildActionMask = 2147483647;
			files = (
				EBCBCE72258033D700B3AC07 /* MedicinPostUITests.swift in Sources */,
			);
			runOnlyForDeploymentPostprocessing = 0;
		};
/* End PBXSourcesBuildPhase section */

/* Begin PBXTargetDependency section */
		EBCBCE64258033D600B3AC07 /* PBXTargetDependency */ = {
			isa = PBXTargetDependency;
			target = EBCBCE4B258033D400B3AC07 /* MedicinPost */;
			targetProxy = EBCBCE63258033D600B3AC07 /* PBXContainerItemProxy */;
		};
		EBCBCE6F258033D700B3AC07 /* PBXTargetDependency */ = {
			isa = PBXTargetDependency;
			target = EBCBCE4B258033D400B3AC07 /* MedicinPost */;
			targetProxy = EBCBCE6E258033D700B3AC07 /* PBXContainerItemProxy */;
		};
/* End PBXTargetDependency section */

/* Begin PBXVariantGroup section */
		EBCBCE55258033D400B3AC07 /* Main.storyboard */ = {
			isa = PBXVariantGroup;
			children = (
				EBCBCE56258033D400B3AC07 /* Base */,
			);
			name = Main.storyboard;
			sourceTree = "<group>";
		};
		EBCBCE5A258033D600B3AC07 /* LaunchScreen.storyboard */ = {
			isa = PBXVariantGroup;
			children = (
				EBCBCE5B258033D600B3AC07 /* Base */,
			);
			name = LaunchScreen.storyboard;
			sourceTree = "<group>";
		};
/* End PBXVariantGroup section */

/* Begin XCBuildConfiguration section */
		EBCBCE74258033D700B3AC07 /* Debug */ = {
			isa = XCBuildConfiguration;
			buildSettings = {
				ALWAYS_SEARCH_USER_PATHS = NO;
				CLANG_ANALYZER_NONNULL = YES;
				CLANG_ANALYZER_NUMBER_OBJECT_CONVERSION = YES_AGGRESSIVE;
				CLANG_CXX_LANGUAGE_STANDARD = "gnu++14";
				CLANG_CXX_LIBRARY = "libc++";
				CLANG_ENABLE_MODULES = YES;
				CLANG_ENABLE_OBJC_ARC = YES;
				CLANG_ENABLE_OBJC_WEAK = YES;
				CLANG_WARN_BLOCK_CAPTURE_AUTORELEASING = YES;
				CLANG_WARN_BOOL_CONVERSION = YES;
				CLANG_WARN_COMMA = YES;
				CLANG_WARN_CONSTANT_CONVERSION = YES;
				CLANG_WARN_DEPRECATED_OBJC_IMPLEMENTATIONS = YES;
				CLANG_WARN_DIRECT_OBJC_ISA_USAGE = YES_ERROR;
				CLANG_WARN_DOCUMENTATION_COMMENTS = YES;
				CLANG_WARN_EMPTY_BODY = YES;
				CLANG_WARN_ENUM_CONVERSION = YES;
				CLANG_WARN_INFINITE_RECURSION = YES;
				CLANG_WARN_INT_CONVERSION = YES;
				CLANG_WARN_NON_LITERAL_NULL_CONVERSION = YES;
				CLANG_WARN_OBJC_IMPLICIT_RETAIN_SELF = YES;
				CLANG_WARN_OBJC_LITERAL_CONVERSION = YES;
				CLANG_WARN_OBJC_ROOT_CLASS = YES_ERROR;
				CLANG_WARN_RANGE_LOOP_ANALYSIS = YES;
				CLANG_WARN_STRICT_PROTOTYPES = YES;
				CLANG_WARN_SUSPICIOUS_MOVE = YES;
				CLANG_WARN_UNGUARDED_AVAILABILITY = YES_AGGRESSIVE;
				CLANG_WARN_UNREACHABLE_CODE = YES;
				CLANG_WARN__DUPLICATE_METHOD_MATCH = YES;
				COPY_PHASE_STRIP = NO;
				DEBUG_INFORMATION_FORMAT = dwarf;
				ENABLE_STRICT_OBJC_MSGSEND = YES;
				ENABLE_TESTABILITY = YES;
				GCC_C_LANGUAGE_STANDARD = gnu11;
				GCC_DYNAMIC_NO_PIC = NO;
				GCC_NO_COMMON_BLOCKS = YES;
				GCC_OPTIMIZATION_LEVEL = 0;
				GCC_PREPROCESSOR_DEFINITIONS = (
					"DEBUG=1",
					"$(inherited)",
				);
				GCC_WARN_64_TO_32_BIT_CONVERSION = YES;
				GCC_WARN_ABOUT_RETURN_TYPE = YES_ERROR;
				GCC_WARN_UNDECLARED_SELECTOR = YES;
				GCC_WARN_UNINITIALIZED_AUTOS = YES_AGGRESSIVE;
				GCC_WARN_UNUSED_FUNCTION = YES;
				GCC_WARN_UNUSED_VARIABLE = YES;
				IPHONEOS_DEPLOYMENT_TARGET = 13.6;
				MTL_ENABLE_DEBUG_INFO = INCLUDE_SOURCE;
				MTL_FAST_MATH = YES;
				ONLY_ACTIVE_ARCH = YES;
				SDKROOT = iphoneos;
				SWIFT_ACTIVE_COMPILATION_CONDITIONS = DEBUG;
				SWIFT_OPTIMIZATION_LEVEL = "-Onone";
			};
			name = Debug;
		};
		EBCBCE75258033D700B3AC07 /* Release */ = {
			isa = XCBuildConfiguration;
			buildSettings = {
				ALWAYS_SEARCH_USER_PATHS = NO;
				CLANG_ANALYZER_NONNULL = YES;
				CLANG_ANALYZER_NUMBER_OBJECT_CONVERSION = YES_AGGRESSIVE;
				CLANG_CXX_LANGUAGE_STANDARD = "gnu++14";
				CLANG_CXX_LIBRARY = "libc++";
				CLANG_ENABLE_MODULES = YES;
				CLANG_ENABLE_OBJC_ARC = YES;
				CLANG_ENABLE_OBJC_WEAK = YES;
				CLANG_WARN_BLOCK_CAPTURE_AUTORELEASING = YES;
				CLANG_WARN_BOOL_CONVERSION = YES;
				CLANG_WARN_COMMA = YES;
				CLANG_WARN_CONSTANT_CONVERSION = YES;
				CLANG_WARN_DEPRECATED_OBJC_IMPLEMENTATIONS = YES;
				CLANG_WARN_DIRECT_OBJC_ISA_USAGE = YES_ERROR;
				CLANG_WARN_DOCUMENTATION_COMMENTS = YES;
				CLANG_WARN_EMPTY_BODY = YES;
				CLANG_WARN_ENUM_CONVERSION = YES;
				CLANG_WARN_INFINITE_RECURSION = YES;
				CLANG_WARN_INT_CONVERSION = YES;
				CLANG_WARN_NON_LITERAL_NULL_CONVERSION = YES;
				CLANG_WARN_OBJC_IMPLICIT_RETAIN_SELF = YES;
				CLANG_WARN_OBJC_LITERAL_CONVERSION = YES;
				CLANG_WARN_OBJC_ROOT_CLASS = YES_ERROR;
				CLANG_WARN_RANGE_LOOP_ANALYSIS = YES;
				CLANG_WARN_STRICT_PROTOTYPES = YES;
				CLANG_WARN_SUSPICIOUS_MOVE = YES;
				CLANG_WARN_UNGUARDED_AVAILABILITY = YES_AGGRESSIVE;
				CLANG_WARN_UNREACHABLE_CODE = YES;
				CLANG_WARN__DUPLICATE_METHOD_MATCH = YES;
				COPY_PHASE_STRIP = NO;
				DEBUG_INFORMATION_FORMAT = "dwarf-with-dsym";
				ENABLE_NS_ASSERTIONS = NO;
				ENABLE_STRICT_OBJC_MSGSEND = YES;
				GCC_C_LANGUAGE_STANDARD = gnu11;
				GCC_NO_COMMON_BLOCKS = YES;
				GCC_WARN_64_TO_32_BIT_CONVERSION = YES;
				GCC_WARN_ABOUT_RETURN_TYPE = YES_ERROR;
				GCC_WARN_UNDECLARED_SELECTOR = YES;
				GCC_WARN_UNINITIALIZED_AUTOS = YES_AGGRESSIVE;
				GCC_WARN_UNUSED_FUNCTION = YES;
				GCC_WARN_UNUSED_VARIABLE = YES;
				IPHONEOS_DEPLOYMENT_TARGET = 13.6;
				MTL_ENABLE_DEBUG_INFO = NO;
				MTL_FAST_MATH = YES;
				SDKROOT = iphoneos;
				SWIFT_COMPILATION_MODE = wholemodule;
				SWIFT_OPTIMIZATION_LEVEL = "-O";
				VALIDATE_PRODUCT = YES;
			};
			name = Release;
		};
		EBCBCE77258033D700B3AC07 /* Debug */ = {
			isa = XCBuildConfiguration;
			baseConfigurationReference = A4966F009E7FAE66DCE4597C /* Pods-MedicinPost.debug.xcconfig */;
			buildSettings = {
				ASSETCATALOG_COMPILER_APPICON_NAME = AppIcon;
				CODE_SIGN_ENTITLEMENTS = MedicinPost/MedicinPost.entitlements;
				CODE_SIGN_STYLE = Automatic;
				DEVELOPMENT_TEAM = 99MNB343TA;
				INFOPLIST_FILE = MedicinPost/Info.plist;
				LD_RUNPATH_SEARCH_PATHS = (
					"$(inherited)",
					"@executable_path/Frameworks",
				);
				PRODUCT_BUNDLE_IDENTIFIER = com.medicinpost.mp.MedicinPostt;
				PRODUCT_NAME = "$(TARGET_NAME)";
				SWIFT_VERSION = 5.0;
				TARGETED_DEVICE_FAMILY = "1,2";
			};
			name = Debug;
		};
		EBCBCE78258033D700B3AC07 /* Release */ = {
			isa = XCBuildConfiguration;
			baseConfigurationReference = BC0763B258257619E3603BF3 /* Pods-MedicinPost.release.xcconfig */;
			buildSettings = {
				ASSETCATALOG_COMPILER_APPICON_NAME = AppIcon;
				CODE_SIGN_ENTITLEMENTS = MedicinPost/MedicinPost.entitlements;
				CODE_SIGN_STYLE = Automatic;
				DEVELOPMENT_TEAM = 99MNB343TA;
				INFOPLIST_FILE = MedicinPost/Info.plist;
				LD_RUNPATH_SEARCH_PATHS = (
					"$(inherited)",
					"@executable_path/Frameworks",
				);
				PRODUCT_BUNDLE_IDENTIFIER = com.medicinpost.mp.MedicinPostt;
				PRODUCT_NAME = "$(TARGET_NAME)";
				SWIFT_VERSION = 5.0;
				TARGETED_DEVICE_FAMILY = "1,2";
			};
			name = Release;
		};
		EBCBCE7A258033D700B3AC07 /* Debug */ = {
			isa = XCBuildConfiguration;
			baseConfigurationReference = 6305E45AE9028E5D50D80424 /* Pods-MedicinPostTests.debug.xcconfig */;
			buildSettings = {
				ALWAYS_EMBED_SWIFT_STANDARD_LIBRARIES = YES;
				BUNDLE_LOADER = "$(TEST_HOST)";
				CODE_SIGN_STYLE = Automatic;
				DEVELOPMENT_TEAM = 99MNB343TA;
				INFOPLIST_FILE = MedicinPostTests/Info.plist;
				IPHONEOS_DEPLOYMENT_TARGET = 13.6;
				LD_RUNPATH_SEARCH_PATHS = (
					"$(inherited)",
					"@executable_path/Frameworks",
					"@loader_path/Frameworks",
				);
				PRODUCT_BUNDLE_IDENTIFIER = com.medicinpost.mp.MedicinPostTests;
				PRODUCT_NAME = "$(TARGET_NAME)";
				SWIFT_VERSION = 5.0;
				TARGETED_DEVICE_FAMILY = "1,2";
				TEST_HOST = "$(BUILT_PRODUCTS_DIR)/MedicinPost.app/MedicinPost";
			};
			name = Debug;
		};
		EBCBCE7B258033D700B3AC07 /* Release */ = {
			isa = XCBuildConfiguration;
			baseConfigurationReference = 37A39F614BCFA8326AECBFF3 /* Pods-MedicinPostTests.release.xcconfig */;
			buildSettings = {
				ALWAYS_EMBED_SWIFT_STANDARD_LIBRARIES = YES;
				BUNDLE_LOADER = "$(TEST_HOST)";
				CODE_SIGN_STYLE = Automatic;
				DEVELOPMENT_TEAM = 99MNB343TA;
				INFOPLIST_FILE = MedicinPostTests/Info.plist;
				IPHONEOS_DEPLOYMENT_TARGET = 13.6;
				LD_RUNPATH_SEARCH_PATHS = (
					"$(inherited)",
					"@executable_path/Frameworks",
					"@loader_path/Frameworks",
				);
				PRODUCT_BUNDLE_IDENTIFIER = com.medicinpost.mp.MedicinPostTests;
				PRODUCT_NAME = "$(TARGET_NAME)";
				SWIFT_VERSION = 5.0;
				TARGETED_DEVICE_FAMILY = "1,2";
				TEST_HOST = "$(BUILT_PRODUCTS_DIR)/MedicinPost.app/MedicinPost";
			};
			name = Release;
		};
		EBCBCE7D258033D700B3AC07 /* Debug */ = {
			isa = XCBuildConfiguration;
			baseConfigurationReference = 8A17534E93116BBEECC555A1 /* Pods-MedicinPost-MedicinPostUITests.debug.xcconfig */;
			buildSettings = {
				ALWAYS_EMBED_SWIFT_STANDARD_LIBRARIES = YES;
				CODE_SIGN_STYLE = Automatic;
				DEVELOPMENT_TEAM = 99MNB343TA;
				INFOPLIST_FILE = MedicinPostUITests/Info.plist;
				LD_RUNPATH_SEARCH_PATHS = (
					"$(inherited)",
					"@executable_path/Frameworks",
					"@loader_path/Frameworks",
				);
				PRODUCT_BUNDLE_IDENTIFIER = com.medicinpost.mp.MedicinPostUITests;
				PRODUCT_NAME = "$(TARGET_NAME)";
				SWIFT_VERSION = 5.0;
				TARGETED_DEVICE_FAMILY = "1,2";
				TEST_TARGET_NAME = MedicinPost;
			};
			name = Debug;
		};
		EBCBCE7E258033D700B3AC07 /* Release */ = {
			isa = XCBuildConfiguration;
			baseConfigurationReference = 9472726A26C34BA25EE75B43 /* Pods-MedicinPost-MedicinPostUITests.release.xcconfig */;
			buildSettings = {
				ALWAYS_EMBED_SWIFT_STANDARD_LIBRARIES = YES;
				CODE_SIGN_STYLE = Automatic;
				DEVELOPMENT_TEAM = 99MNB343TA;
				INFOPLIST_FILE = MedicinPostUITests/Info.plist;
				LD_RUNPATH_SEARCH_PATHS = (
					"$(inherited)",
					"@executable_path/Frameworks",
					"@loader_path/Frameworks",
				);
				PRODUCT_BUNDLE_IDENTIFIER = com.medicinpost.mp.MedicinPostUITests;
				PRODUCT_NAME = "$(TARGET_NAME)";
				SWIFT_VERSION = 5.0;
				TARGETED_DEVICE_FAMILY = "1,2";
				TEST_TARGET_NAME = MedicinPost;
			};
			name = Release;
		};
/* End XCBuildConfiguration section */

/* Begin XCConfigurationList section */
		EBCBCE47258033D400B3AC07 /* Build configuration list for PBXProject "MedicinPost" */ = {
			isa = XCConfigurationList;
			buildConfigurations = (
				EBCBCE74258033D700B3AC07 /* Debug */,
				EBCBCE75258033D700B3AC07 /* Release */,
			);
			defaultConfigurationIsVisible = 0;
			defaultConfigurationName = Release;
		};
		EBCBCE76258033D700B3AC07 /* Build configuration list for PBXNativeTarget "MedicinPost" */ = {
			isa = XCConfigurationList;
			buildConfigurations = (
				EBCBCE77258033D700B3AC07 /* Debug */,
				EBCBCE78258033D700B3AC07 /* Release */,
			);
			defaultConfigurationIsVisible = 0;
			defaultConfigurationName = Release;
		};
		EBCBCE79258033D700B3AC07 /* Build configuration list for PBXNativeTarget "MedicinPostTests" */ = {
			isa = XCConfigurationList;
			buildConfigurations = (
				EBCBCE7A258033D700B3AC07 /* Debug */,
				EBCBCE7B258033D700B3AC07 /* Release */,
			);
			defaultConfigurationIsVisible = 0;
			defaultConfigurationName = Release;
		};
		EBCBCE7C258033D700B3AC07 /* Build configuration list for PBXNativeTarget "MedicinPostUITests" */ = {
			isa = XCConfigurationList;
			buildConfigurations = (
				EBCBCE7D258033D700B3AC07 /* Debug */,
				EBCBCE7E258033D700B3AC07 /* Release */,
			);
			defaultConfigurationIsVisible = 0;
			defaultConfigurationName = Release;
		};
/* End XCConfigurationList section */
	};
	rootObject = EBCBCE44258033D400B3AC07 /* Project object */;
}
